# This file is automatically @generated by Cargo.
# It is not intended for manual editing.
version = 3

[[package]]
name = "vgabuffer"
version = "0.1.0"
dependencies = [
 "volatile",
]

[[package]]
name = "volatile"
version = "0.5.1"
source = "registry+https://github.com/rust-lang/crates.io-index"
checksum = "9eaac9f9d9b7ae00cdd43e21b15e58ccacd903e6d29131d7536765a61969d25e"
